
Microsoft Visual Studio Solution File, Format Version 12.00
# Visual Studio Version 17
VisualStudioVersion = 17.14.36127.28
MinimumVisualStudioVersion = 10.0.40219.1
Project("{FAE04EC0-301F-11D3-BF4B-00C04F79EFBC}") = "BusinessObjects", "BusinessObjects\BusinessObjects.csproj", "{CA00807B-EA69-4196-8F9A-2140980A75AF}"
EndProject
Project("{FAE04EC0-301F-11D3-BF4B-00C04F79EFBC}") = "DataAccessLayer", "DataAccessLayer\DataAccessLayer.csproj", "{DA720FA2-450F-45DC-AFCA-54B188A9C0C5}"
EndProject
Project("{FAE04EC0-301F-11D3-BF4B-00C04F79EFBC}") = "Repositories", "Repositories\Repositories.csproj", "{17C3311F-65E5-42DF-805B-81C4B9F713C9}"
EndProject
Project("{FAE04EC0-301F-11D3-BF4B-00C04F79EFBC}") = "Services", "Services\Services.csproj", "{4B461563-1DE3-4C91-A995-57BBA0C4EE24}"
EndProject
Project("{FAE04EC0-301F-11D3-BF4B-00C04F79EFBC}") = "WPFApp", "WPFApp\WPFApp.csproj", "{6E109A00-0A65-49CC-8C73-3F3B9FE74605}"
EndProject
Global
	GlobalSection(SolutionConfigurationPlatforms) = preSolution
		Debug|Any CPU = Debug|Any CPU
		Release|Any CPU = Release|Any CPU
	EndGlobalSection
	GlobalSection(ProjectConfigurationPlatforms) = postSolution
		{CA00807B-EA69-4196-8F9A-2140980A75AF}.Debug|Any CPU.ActiveCfg = Debug|Any CPU
		{CA00807B-EA69-4196-8F9A-2140980A75AF}.Debug|Any CPU.Build.0 = Debug|Any CPU
		{CA00807B-EA69-4196-8F9A-2140980A75AF}.Release|Any CPU.ActiveCfg = Release|Any CPU
		{CA00807B-EA69-4196-8F9A-2140980A75AF}.Release|Any CPU.Build.0 = Release|Any CPU
		{DA720FA2-450F-45DC-AFCA-54B188A9C0C5}.Debug|Any CPU.ActiveCfg = Debug|Any CPU
		{DA720FA2-450F-45DC-AFCA-54B188A9C0C5}.Debug|Any CPU.Build.0 = Debug|Any CPU
		{DA720FA2-450F-45DC-AFCA-54B188A9C0C5}.Release|Any CPU.ActiveCfg = Release|Any CPU
		{DA720FA2-450F-45DC-AFCA-54B188A9C0C5}.Release|Any CPU.Build.0 = Release|Any CPU
		{17C3311F-65E5-42DF-805B-81C4B9F713C9}.Debug|Any CPU.ActiveCfg = Debug|Any CPU
		{17C3311F-65E5-42DF-805B-81C4B9F713C9}.Debug|Any CPU.Build.0 = Debug|Any CPU
		{17C3311F-65E5-42DF-805B-81C4B9F713C9}.Release|Any CPU.ActiveCfg = Release|Any CPU
		{17C3311F-65E5-42DF-805B-81C4B9F713C9}.Release|Any CPU.Build.0 = Release|Any CPU
		{4B461563-1DE3-4C91-A995-57BBA0C4EE24}.Debug|Any CPU.ActiveCfg = Debug|Any CPU
		{4B461563-1DE3-4C91-A995-57BBA0C4EE24}.Debug|Any CPU.Build.0 = Debug|Any CPU
		{4B461563-1DE3-4C91-A995-57BBA0C4EE24}.Release|Any CPU.ActiveCfg = Release|Any CPU
		{4B461563-1DE3-4C91-A995-57BBA0C4EE24}.Release|Any CPU.Build.0 = Release|Any CPU
		{6E109A00-0A65-49CC-8C73-3F3B9FE74605}.Debug|Any CPU.ActiveCfg = Debug|Any CPU
		{6E109A00-0A65-49CC-8C73-3F3B9FE74605}.Debug|Any CPU.Build.0 = Debug|Any CPU
		{6E109A00-0A65-49CC-8C73-3F3B9FE74605}.Release|Any CPU.ActiveCfg = Release|Any CPU
		{6E109A00-0A65-49CC-8C73-3F3B9FE74605}.Release|Any CPU.Build.0 = Release|Any CPU
	EndGlobalSection
	GlobalSection(SolutionProperties) = preSolution
		HideSolutionNode = FALSE
	EndGlobalSection
	GlobalSection(ExtensibilityGlobals) = postSolution
		SolutionGuid = {2DF17218-863B-4998-8739-7FAD7AE22002}
	EndGlobalSection
EndGlobal
